
Microsoft Visual Studio Solution File, Format Version 12.00
# Visual Studio 15
VisualStudioVersion = 15.0.27004.2010
MinimumVisualStudioVersion = 10.0.40219.1
Project("{9A19103F-16F7-4668-BE54-9A1E7A4F7556}") = "Topos", "Topos\Topos.csproj", "{57294AA8-D493-4DDE-AB92-BDF6E1E8996A}"
EndProject
Project("{9A19103F-16F7-4668-BE54-9A1E7A4F7556}") = "Topos.Tests", "Topos.Tests\Topos.Tests.csproj", "{3724334A-8154-436A-A9FE-4E9971B18E36}"
EndProject
Project("{9A19103F-16F7-4668-BE54-9A1E7A4F7556}") = "Topos.SqlServer", "Topos.SqlServer\Topos.SqlServer.csproj", "{C974D0C8-3E18-465B-A958-AD46DF83EE3D}"
EndProject
Project("{FAE04EC0-301F-11D3-BF4B-00C04F79EFBC}") = "Topos.AzureEventHubs", "Topos.AzureEventHubs\Topos.AzureEventHubs.csproj", "{2BBCDDE4-637E-424C-96C2-F4D8321B2204}"
EndProject
Global
	GlobalSection(SolutionConfigurationPlatforms) = preSolution
		Debug|Any CPU = Debug|Any CPU
		Release|Any CPU = Release|Any CPU
	EndGlobalSection
	GlobalSection(ProjectConfigurationPlatforms) = postSolution
		{57294AA8-D493-4DDE-AB92-BDF6E1E8996A}.Debug|Any CPU.ActiveCfg = Debug|Any CPU
		{57294AA8-D493-4DDE-AB92-BDF6E1E8996A}.Debug|Any CPU.Build.0 = Debug|Any CPU
		{57294AA8-D493-4DDE-AB92-BDF6E1E8996A}.Release|Any CPU.ActiveCfg = Release|Any CPU
		{57294AA8-D493-4DDE-AB92-BDF6E1E8996A}.Release|Any CPU.Build.0 = Release|Any CPU
		{3724334A-8154-436A-A9FE-4E9971B18E36}.Debug|Any CPU.ActiveCfg = Debug|Any CPU
		{3724334A-8154-436A-A9FE-4E9971B18E36}.Debug|Any CPU.Build.0 = Debug|Any CPU
		{3724334A-8154-436A-A9FE-4E9971B18E36}.Release|Any CPU.ActiveCfg = Release|Any CPU
		{3724334A-8154-436A-A9FE-4E9971B18E36}.Release|Any CPU.Build.0 = Release|Any CPU
		{C974D0C8-3E18-465B-A958-AD46DF83EE3D}.Debug|Any CPU.ActiveCfg = Debug|Any CPU
		{C974D0C8-3E18-465B-A958-AD46DF83EE3D}.Debug|Any CPU.Build.0 = Debug|Any CPU
		{C974D0C8-3E18-465B-A958-AD46DF83EE3D}.Release|Any CPU.ActiveCfg = Release|Any CPU
		{C974D0C8-3E18-465B-A958-AD46DF83EE3D}.Release|Any CPU.Build.0 = Release|Any CPU
		{2BBCDDE4-637E-424C-96C2-F4D8321B2204}.Debug|Any CPU.ActiveCfg = Debug|Any CPU
		{2BBCDDE4-637E-424C-96C2-F4D8321B2204}.Debug|Any CPU.Build.0 = Debug|Any CPU
		{2BBCDDE4-637E-424C-96C2-F4D8321B2204}.Release|Any CPU.ActiveCfg = Release|Any CPU
		{2BBCDDE4-637E-424C-96C2-F4D8321B2204}.Release|Any CPU.Build.0 = Release|Any CPU
	EndGlobalSection
	GlobalSection(SolutionProperties) = preSolution
		HideSolutionNode = FALSE
	EndGlobalSection
	GlobalSection(ExtensibilityGlobals) = postSolution
		SolutionGuid = {8F89951B-C638-43F3-BEC1-70A5F8338E10}
	EndGlobalSection
EndGlobal
