
Microsoft Visual Studio Solution File, Format Version 12.00
# Visual Studio Version 16
VisualStudioVersion = 16.0.28803.202
MinimumVisualStudioVersion = 10.0.40219.1
Project("{9A19103F-16F7-4668-BE54-9A1E7A4F7556}") = "Topos", "Topos\Topos.csproj", "{57294AA8-D493-4DDE-AB92-BDF6E1E8996A}"
EndProject
Project("{9A19103F-16F7-4668-BE54-9A1E7A4F7556}") = "Topos.Tests", "Topos.Tests\Topos.Tests.csproj", "{3724334A-8154-436A-A9FE-4E9971B18E36}"
EndProject
Project("{9A19103F-16F7-4668-BE54-9A1E7A4F7556}") = "Topos.SqlServer", "Topos.SqlServer\Topos.SqlServer.csproj", "{C974D0C8-3E18-465B-A958-AD46DF83EE3D}"
EndProject
Project("{2150E333-8FDC-42A3-9474-1A3956D46DE8}") = "Solution Items", "Solution Items", "{BC32E86D-B992-4887-9D76-B7DEDCC09F90}"
	ProjectSection(SolutionItems) = preProject
		scripts\build.cmd = scripts\build.cmd
		CHANGELOG.md = CHANGELOG.md
		scripts\push.cmd = scripts\push.cmd
		README.md = README.md
		scripts\release.cmd = scripts\release.cmd
	EndProjectSection
EndProject
Project("{9A19103F-16F7-4668-BE54-9A1E7A4F7556}") = "Topos.Serilog", "Topos.Serilog\Topos.Serilog.csproj", "{59D9511B-55E5-4565-9B54-F7E30BFBDA90}"
EndProject
Project("{9A19103F-16F7-4668-BE54-9A1E7A4F7556}") = "Topos.Kafka", "Topos.Kafka\Topos.Kafka.csproj", "{E97CC567-066A-45A6-BE5F-88F3E9D42942}"
EndProject
Project("{2150E333-8FDC-42A3-9474-1A3956D46DE8}") = "kafka", "kafka", "{2EF31884-BDB7-47D3-9FC8-494507C67DDA}"
EndProject
Project("{9A19103F-16F7-4668-BE54-9A1E7A4F7556}") = "Topos.Kafka.Tests", "Topos.Kafka.Tests\Topos.Kafka.Tests.csproj", "{70519C38-09F2-4F4C-887B-D99C1C3BF9F0}"
EndProject
Project("{2150E333-8FDC-42A3-9474-1A3956D46DE8}") = "microsoft sql server", "microsoft sql server", "{434899A4-A6A6-4179-8018-3A4DE03B507C}"
EndProject
Project("{9A19103F-16F7-4668-BE54-9A1E7A4F7556}") = "Topos.SqlServer.Tests", "Topos.SqlServer.Tests\Topos.SqlServer.Tests.csproj", "{289009E4-9B1C-40FB-9677-EA3C658DE01D}"
EndProject
Project("{2150E333-8FDC-42A3-9474-1A3956D46DE8}") = "serilog", "serilog", "{A2136515-ADF8-4CE9-A28E-96F74A7CEEE5}"
EndProject
Project("{9A19103F-16F7-4668-BE54-9A1E7A4F7556}") = "Topos.NewtonsoftJson", "Topos.NewtonsoftJson\Topos.NewtonsoftJson.csproj", "{C973CE39-9880-423E-9D79-E372BAF67795}"
EndProject
Project("{2150E333-8FDC-42A3-9474-1A3956D46DE8}") = "newtonsoft json", "newtonsoft json", "{FA062857-39B7-4004-A153-2E0D06A3F252}"
EndProject
Project("{9A19103F-16F7-4668-BE54-9A1E7A4F7556}") = "Topos.NewtonsoftJson.Tests", "Topos.NewtonsoftJson.Tests\Topos.NewtonsoftJson.Tests.csproj", "{8D4BC0D6-4CAE-437E-AA09-1071F3B9B069}"
EndProject
Project("{2150E333-8FDC-42A3-9474-1A3956D46DE8}") = "mongodb", "mongodb", "{3B5DA5BB-11FC-467C-805F-CFCE22DD379D}"
EndProject
Project("{9A19103F-16F7-4668-BE54-9A1E7A4F7556}") = "Topos.MongoDb", "Topos.MongoDb\Topos.MongoDb.csproj", "{DB19B78C-BFDB-4B0E-9B87-3B47950FBFF4}"
EndProject
Project("{9A19103F-16F7-4668-BE54-9A1E7A4F7556}") = "Topos.MongoDb.Tests", "Topos.MongoDb.Tests\Topos.MongoDb.Tests.csproj", "{EC7513D3-E749-456E-967E-DDF929063C78}"
EndProject
Project("{2150E333-8FDC-42A3-9474-1A3956D46DE8}") = "azure blob storage", "azure blob storage", "{9ACD0776-8E31-4B34-9E14-322C7B59E74F}"
EndProject
Project("{9A19103F-16F7-4668-BE54-9A1E7A4F7556}") = "Topos.AzureBlobs", "Topos.AzureBlobs\Topos.AzureBlobs.csproj", "{8B466446-3E77-4078-BA93-1B89CF5E2D68}"
EndProject
Project("{9A19103F-16F7-4668-BE54-9A1E7A4F7556}") = "Topos.AzureBlobs.Tests", "Topos.AzureBlobs.Tests\Topos.AzureBlobs.Tests.csproj", "{B83056F9-3052-4169-82E6-AA3DF2B15F56}"
EndProject
Project("{9A19103F-16F7-4668-BE54-9A1E7A4F7556}") = "Topos.Tests.Contracts", "Topos.Tests.Contracts\Topos.Tests.Contracts.csproj", "{2F91F3D1-3391-4F34-ADAF-8A2B92776BD9}"
EndProject
Project("{2150E333-8FDC-42A3-9474-1A3956D46DE8}") = "faster", "faster", "{26DE6D8A-3567-41FD-9249-22D01AA20BE7}"
EndProject
Project("{9A19103F-16F7-4668-BE54-9A1E7A4F7556}") = "Topos.Faster", "Topos.Faster\Topos.Faster.csproj", "{7B3ED585-2211-4F23-B527-5E3389C95346}"
EndProject
Project("{9A19103F-16F7-4668-BE54-9A1E7A4F7556}") = "Topos.Faster.Tests", "Topos.Faster.Tests\Topos.Faster.Tests.csproj", "{9D07C4BE-8FDA-4F8C-9785-4B9AC43A7D10}"
EndProject
Project("{2150E333-8FDC-42A3-9474-1A3956D46DE8}") = "system text json", "system text json", "{C2AA7F9B-EBF1-4BF6-A4F4-3CC32DA5907F}"
EndProject
Project("{9A19103F-16F7-4668-BE54-9A1E7A4F7556}") = "Topos.SystemTextJson", "Topos.SystemTextJson\Topos.SystemTextJson.csproj", "{D474EA8C-B752-4A31-9ED1-D4A268F74243}"
EndProject
Project("{9A19103F-16F7-4668-BE54-9A1E7A4F7556}") = "Topos.SystemTextJson.Tests", "Topos.SystemTextJson.Tests\Topos.SystemTextJson.Tests.csproj", "{5C74171A-8A86-4E1F-803A-74F7E811FBA2}"
EndProject
Project("{9A19103F-16F7-4668-BE54-9A1E7A4F7556}") = "Topos.PostgreSql", "Topos.PostgreSql\Topos.PostgreSql.csproj", "{17AC8EF1-FCCA-40F4-910D-B358B35A0EAC}"
EndProject
Project("{9A19103F-16F7-4668-BE54-9A1E7A4F7556}") = "Topos.PostgreSql.Tests", "Topos.PostgreSql.Tests\Topos.PostgreSql.Tests.csproj", "{0F8E21BF-FF3D-4D56-AA2E-BCAF56D25012}"
EndProject
Project("{2150E333-8FDC-42A3-9474-1A3956D46DE8}") = "postgresql", "postgresql", "{433BF58D-7550-40DB-BF51-210A08CEA343}"
EndProject
Global
	GlobalSection(SolutionConfigurationPlatforms) = preSolution
		Debug|Any CPU = Debug|Any CPU
		Release|Any CPU = Release|Any CPU
	EndGlobalSection
	GlobalSection(ProjectConfigurationPlatforms) = postSolution
		{57294AA8-D493-4DDE-AB92-BDF6E1E8996A}.Debug|Any CPU.ActiveCfg = Debug|Any CPU
		{57294AA8-D493-4DDE-AB92-BDF6E1E8996A}.Debug|Any CPU.Build.0 = Debug|Any CPU
		{57294AA8-D493-4DDE-AB92-BDF6E1E8996A}.Release|Any CPU.ActiveCfg = Release|Any CPU
		{57294AA8-D493-4DDE-AB92-BDF6E1E8996A}.Release|Any CPU.Build.0 = Release|Any CPU
		{3724334A-8154-436A-A9FE-4E9971B18E36}.Debug|Any CPU.ActiveCfg = Debug|Any CPU
		{3724334A-8154-436A-A9FE-4E9971B18E36}.Debug|Any CPU.Build.0 = Debug|Any CPU
		{3724334A-8154-436A-A9FE-4E9971B18E36}.Release|Any CPU.ActiveCfg = Release|Any CPU
		{3724334A-8154-436A-A9FE-4E9971B18E36}.Release|Any CPU.Build.0 = Release|Any CPU
		{C974D0C8-3E18-465B-A958-AD46DF83EE3D}.Debug|Any CPU.ActiveCfg = Debug|Any CPU
		{C974D0C8-3E18-465B-A958-AD46DF83EE3D}.Debug|Any CPU.Build.0 = Debug|Any CPU
		{C974D0C8-3E18-465B-A958-AD46DF83EE3D}.Release|Any CPU.ActiveCfg = Release|Any CPU
		{C974D0C8-3E18-465B-A958-AD46DF83EE3D}.Release|Any CPU.Build.0 = Release|Any CPU
		{59D9511B-55E5-4565-9B54-F7E30BFBDA90}.Debug|Any CPU.ActiveCfg = Debug|Any CPU
		{59D9511B-55E5-4565-9B54-F7E30BFBDA90}.Debug|Any CPU.Build.0 = Debug|Any CPU
		{59D9511B-55E5-4565-9B54-F7E30BFBDA90}.Release|Any CPU.ActiveCfg = Release|Any CPU
		{59D9511B-55E5-4565-9B54-F7E30BFBDA90}.Release|Any CPU.Build.0 = Release|Any CPU
		{E97CC567-066A-45A6-BE5F-88F3E9D42942}.Debug|Any CPU.ActiveCfg = Debug|Any CPU
		{E97CC567-066A-45A6-BE5F-88F3E9D42942}.Debug|Any CPU.Build.0 = Debug|Any CPU
		{E97CC567-066A-45A6-BE5F-88F3E9D42942}.Release|Any CPU.ActiveCfg = Release|Any CPU
		{E97CC567-066A-45A6-BE5F-88F3E9D42942}.Release|Any CPU.Build.0 = Release|Any CPU
		{70519C38-09F2-4F4C-887B-D99C1C3BF9F0}.Debug|Any CPU.ActiveCfg = Debug|Any CPU
		{70519C38-09F2-4F4C-887B-D99C1C3BF9F0}.Debug|Any CPU.Build.0 = Debug|Any CPU
		{70519C38-09F2-4F4C-887B-D99C1C3BF9F0}.Release|Any CPU.ActiveCfg = Release|Any CPU
		{70519C38-09F2-4F4C-887B-D99C1C3BF9F0}.Release|Any CPU.Build.0 = Release|Any CPU
		{289009E4-9B1C-40FB-9677-EA3C658DE01D}.Debug|Any CPU.ActiveCfg = Debug|Any CPU
		{289009E4-9B1C-40FB-9677-EA3C658DE01D}.Debug|Any CPU.Build.0 = Debug|Any CPU
		{289009E4-9B1C-40FB-9677-EA3C658DE01D}.Release|Any CPU.ActiveCfg = Release|Any CPU
		{289009E4-9B1C-40FB-9677-EA3C658DE01D}.Release|Any CPU.Build.0 = Release|Any CPU
		{C973CE39-9880-423E-9D79-E372BAF67795}.Debug|Any CPU.ActiveCfg = Debug|Any CPU
		{C973CE39-9880-423E-9D79-E372BAF67795}.Debug|Any CPU.Build.0 = Debug|Any CPU
		{C973CE39-9880-423E-9D79-E372BAF67795}.Release|Any CPU.ActiveCfg = Release|Any CPU
		{C973CE39-9880-423E-9D79-E372BAF67795}.Release|Any CPU.Build.0 = Release|Any CPU
		{8D4BC0D6-4CAE-437E-AA09-1071F3B9B069}.Debug|Any CPU.ActiveCfg = Debug|Any CPU
		{8D4BC0D6-4CAE-437E-AA09-1071F3B9B069}.Debug|Any CPU.Build.0 = Debug|Any CPU
		{8D4BC0D6-4CAE-437E-AA09-1071F3B9B069}.Release|Any CPU.ActiveCfg = Release|Any CPU
		{8D4BC0D6-4CAE-437E-AA09-1071F3B9B069}.Release|Any CPU.Build.0 = Release|Any CPU
		{DB19B78C-BFDB-4B0E-9B87-3B47950FBFF4}.Debug|Any CPU.ActiveCfg = Debug|Any CPU
		{DB19B78C-BFDB-4B0E-9B87-3B47950FBFF4}.Debug|Any CPU.Build.0 = Debug|Any CPU
		{DB19B78C-BFDB-4B0E-9B87-3B47950FBFF4}.Release|Any CPU.ActiveCfg = Release|Any CPU
		{DB19B78C-BFDB-4B0E-9B87-3B47950FBFF4}.Release|Any CPU.Build.0 = Release|Any CPU
		{EC7513D3-E749-456E-967E-DDF929063C78}.Debug|Any CPU.ActiveCfg = Debug|Any CPU
		{EC7513D3-E749-456E-967E-DDF929063C78}.Debug|Any CPU.Build.0 = Debug|Any CPU
		{EC7513D3-E749-456E-967E-DDF929063C78}.Release|Any CPU.ActiveCfg = Release|Any CPU
		{EC7513D3-E749-456E-967E-DDF929063C78}.Release|Any CPU.Build.0 = Release|Any CPU
		{8B466446-3E77-4078-BA93-1B89CF5E2D68}.Debug|Any CPU.ActiveCfg = Debug|Any CPU
		{8B466446-3E77-4078-BA93-1B89CF5E2D68}.Debug|Any CPU.Build.0 = Debug|Any CPU
		{8B466446-3E77-4078-BA93-1B89CF5E2D68}.Release|Any CPU.ActiveCfg = Release|Any CPU
		{8B466446-3E77-4078-BA93-1B89CF5E2D68}.Release|Any CPU.Build.0 = Release|Any CPU
		{B83056F9-3052-4169-82E6-AA3DF2B15F56}.Debug|Any CPU.ActiveCfg = Debug|Any CPU
		{B83056F9-3052-4169-82E6-AA3DF2B15F56}.Debug|Any CPU.Build.0 = Debug|Any CPU
		{B83056F9-3052-4169-82E6-AA3DF2B15F56}.Release|Any CPU.ActiveCfg = Release|Any CPU
		{B83056F9-3052-4169-82E6-AA3DF2B15F56}.Release|Any CPU.Build.0 = Release|Any CPU
		{2F91F3D1-3391-4F34-ADAF-8A2B92776BD9}.Debug|Any CPU.ActiveCfg = Debug|Any CPU
		{2F91F3D1-3391-4F34-ADAF-8A2B92776BD9}.Debug|Any CPU.Build.0 = Debug|Any CPU
		{2F91F3D1-3391-4F34-ADAF-8A2B92776BD9}.Release|Any CPU.ActiveCfg = Release|Any CPU
		{2F91F3D1-3391-4F34-ADAF-8A2B92776BD9}.Release|Any CPU.Build.0 = Release|Any CPU
		{7B3ED585-2211-4F23-B527-5E3389C95346}.Debug|Any CPU.ActiveCfg = Debug|Any CPU
		{7B3ED585-2211-4F23-B527-5E3389C95346}.Debug|Any CPU.Build.0 = Debug|Any CPU
		{7B3ED585-2211-4F23-B527-5E3389C95346}.Release|Any CPU.ActiveCfg = Release|Any CPU
		{7B3ED585-2211-4F23-B527-5E3389C95346}.Release|Any CPU.Build.0 = Release|Any CPU
		{9D07C4BE-8FDA-4F8C-9785-4B9AC43A7D10}.Debug|Any CPU.ActiveCfg = Debug|Any CPU
		{9D07C4BE-8FDA-4F8C-9785-4B9AC43A7D10}.Debug|Any CPU.Build.0 = Debug|Any CPU
		{9D07C4BE-8FDA-4F8C-9785-4B9AC43A7D10}.Release|Any CPU.ActiveCfg = Release|Any CPU
		{9D07C4BE-8FDA-4F8C-9785-4B9AC43A7D10}.Release|Any CPU.Build.0 = Release|Any CPU
		{D474EA8C-B752-4A31-9ED1-D4A268F74243}.Debug|Any CPU.ActiveCfg = Debug|Any CPU
		{D474EA8C-B752-4A31-9ED1-D4A268F74243}.Debug|Any CPU.Build.0 = Debug|Any CPU
		{D474EA8C-B752-4A31-9ED1-D4A268F74243}.Release|Any CPU.ActiveCfg = Release|Any CPU
		{D474EA8C-B752-4A31-9ED1-D4A268F74243}.Release|Any CPU.Build.0 = Release|Any CPU
		{5C74171A-8A86-4E1F-803A-74F7E811FBA2}.Debug|Any CPU.ActiveCfg = Debug|Any CPU
		{5C74171A-8A86-4E1F-803A-74F7E811FBA2}.Debug|Any CPU.Build.0 = Debug|Any CPU
		{5C74171A-8A86-4E1F-803A-74F7E811FBA2}.Release|Any CPU.ActiveCfg = Release|Any CPU
		{5C74171A-8A86-4E1F-803A-74F7E811FBA2}.Release|Any CPU.Build.0 = Release|Any CPU
		{17AC8EF1-FCCA-40F4-910D-B358B35A0EAC}.Debug|Any CPU.ActiveCfg = Debug|Any CPU
		{17AC8EF1-FCCA-40F4-910D-B358B35A0EAC}.Debug|Any CPU.Build.0 = Debug|Any CPU
		{17AC8EF1-FCCA-40F4-910D-B358B35A0EAC}.Release|Any CPU.ActiveCfg = Release|Any CPU
		{17AC8EF1-FCCA-40F4-910D-B358B35A0EAC}.Release|Any CPU.Build.0 = Release|Any CPU
		{0F8E21BF-FF3D-4D56-AA2E-BCAF56D25012}.Debug|Any CPU.ActiveCfg = Debug|Any CPU
		{0F8E21BF-FF3D-4D56-AA2E-BCAF56D25012}.Debug|Any CPU.Build.0 = Debug|Any CPU
		{0F8E21BF-FF3D-4D56-AA2E-BCAF56D25012}.Release|Any CPU.ActiveCfg = Release|Any CPU
		{0F8E21BF-FF3D-4D56-AA2E-BCAF56D25012}.Release|Any CPU.Build.0 = Release|Any CPU
	EndGlobalSection
	GlobalSection(SolutionProperties) = preSolution
		HideSolutionNode = FALSE
	EndGlobalSection
	GlobalSection(NestedProjects) = preSolution
		{C974D0C8-3E18-465B-A958-AD46DF83EE3D} = {434899A4-A6A6-4179-8018-3A4DE03B507C}
		{59D9511B-55E5-4565-9B54-F7E30BFBDA90} = {A2136515-ADF8-4CE9-A28E-96F74A7CEEE5}
		{E97CC567-066A-45A6-BE5F-88F3E9D42942} = {2EF31884-BDB7-47D3-9FC8-494507C67DDA}
		{70519C38-09F2-4F4C-887B-D99C1C3BF9F0} = {2EF31884-BDB7-47D3-9FC8-494507C67DDA}
		{289009E4-9B1C-40FB-9677-EA3C658DE01D} = {434899A4-A6A6-4179-8018-3A4DE03B507C}
		{C973CE39-9880-423E-9D79-E372BAF67795} = {FA062857-39B7-4004-A153-2E0D06A3F252}
		{8D4BC0D6-4CAE-437E-AA09-1071F3B9B069} = {FA062857-39B7-4004-A153-2E0D06A3F252}
		{DB19B78C-BFDB-4B0E-9B87-3B47950FBFF4} = {3B5DA5BB-11FC-467C-805F-CFCE22DD379D}
		{EC7513D3-E749-456E-967E-DDF929063C78} = {3B5DA5BB-11FC-467C-805F-CFCE22DD379D}
		{8B466446-3E77-4078-BA93-1B89CF5E2D68} = {9ACD0776-8E31-4B34-9E14-322C7B59E74F}
		{B83056F9-3052-4169-82E6-AA3DF2B15F56} = {9ACD0776-8E31-4B34-9E14-322C7B59E74F}
		{7B3ED585-2211-4F23-B527-5E3389C95346} = {26DE6D8A-3567-41FD-9249-22D01AA20BE7}
		{9D07C4BE-8FDA-4F8C-9785-4B9AC43A7D10} = {26DE6D8A-3567-41FD-9249-22D01AA20BE7}
		{D474EA8C-B752-4A31-9ED1-D4A268F74243} = {C2AA7F9B-EBF1-4BF6-A4F4-3CC32DA5907F}
		{5C74171A-8A86-4E1F-803A-74F7E811FBA2} = {C2AA7F9B-EBF1-4BF6-A4F4-3CC32DA5907F}
		{17AC8EF1-FCCA-40F4-910D-B358B35A0EAC} = {433BF58D-7550-40DB-BF51-210A08CEA343}
		{0F8E21BF-FF3D-4D56-AA2E-BCAF56D25012} = {433BF58D-7550-40DB-BF51-210A08CEA343}
	EndGlobalSection
	GlobalSection(ExtensibilityGlobals) = postSolution
		SolutionGuid = {8F89951B-C638-43F3-BEC1-70A5F8338E10}
	EndGlobalSection
EndGlobal
