
Microsoft Visual Studio Solution File, Format Version 12.00
# Visual Studio 15
VisualStudioVersion = 15.0.27004.2010
MinimumVisualStudioVersion = 10.0.40219.1
Project("{9A19103F-16F7-4668-BE54-9A1E7A4F7556}") = "Topos", "Topos\Topos.csproj", "{57294AA8-D493-4DDE-AB92-BDF6E1E8996A}"
EndProject
Project("{9A19103F-16F7-4668-BE54-9A1E7A4F7556}") = "Topos.Tests", "Topos.Tests\Topos.Tests.csproj", "{3724334A-8154-436A-A9FE-4E9971B18E36}"
EndProject
Project("{9A19103F-16F7-4668-BE54-9A1E7A4F7556}") = "Topos.SqlServer", "Topos.SqlServer\Topos.SqlServer.csproj", "{C974D0C8-3E18-465B-A958-AD46DF83EE3D}"
EndProject
Project("{9A19103F-16F7-4668-BE54-9A1E7A4F7556}") = "Topos.AzureEventHubs", "Topos.AzureEventHubs\Topos.AzureEventHubs.csproj", "{2BBCDDE4-637E-424C-96C2-F4D8321B2204}"
EndProject
Project("{2150E333-8FDC-42A3-9474-1A3956D46DE8}") = "Solution Items", "Solution Items", "{BC32E86D-B992-4887-9D76-B7DEDCC09F90}"
	ProjectSection(SolutionItems) = preProject
		CHANGELOG.md = CHANGELOG.md
		README.md = README.md
	EndProjectSection
EndProject
Project("{9A19103F-16F7-4668-BE54-9A1E7A4F7556}") = "Topos.Serilog", "Topos.Serilog\Topos.Serilog.csproj", "{59D9511B-55E5-4565-9B54-F7E30BFBDA90}"
EndProject
Project("{9A19103F-16F7-4668-BE54-9A1E7A4F7556}") = "Topos.Kafka", "Topos.Kafka\Topos.Kafka.csproj", "{E97CC567-066A-45A6-BE5F-88F3E9D42942}"
EndProject
Project("{2150E333-8FDC-42A3-9474-1A3956D46DE8}") = "kafka", "kafka", "{2EF31884-BDB7-47D3-9FC8-494507C67DDA}"
EndProject
Project("{9A19103F-16F7-4668-BE54-9A1E7A4F7556}") = "Topos.Kafka.Tests", "Topos.Kafka.Tests\Topos.Kafka.Tests.csproj", "{70519C38-09F2-4F4C-887B-D99C1C3BF9F0}"
EndProject
Project("{2150E333-8FDC-42A3-9474-1A3956D46DE8}") = "azure event hubs", "azure event hubs", "{6662246E-1C7C-4609-90E4-9CCBCCEFB9BD}"
EndProject
Project("{9A19103F-16F7-4668-BE54-9A1E7A4F7556}") = "Topos.AzureEventHubs.Tests", "Topos.AzureEventHubs.Tests\Topos.AzureEventHubs.Tests.csproj", "{6BE267FE-8D07-4577-814F-4E1542330CB9}"
EndProject
Project("{2150E333-8FDC-42A3-9474-1A3956D46DE8}") = "microsoft sql server", "microsoft sql server", "{434899A4-A6A6-4179-8018-3A4DE03B507C}"
EndProject
Project("{9A19103F-16F7-4668-BE54-9A1E7A4F7556}") = "Topos.SqlServer.Tests", "Topos.SqlServer.Tests\Topos.SqlServer.Tests.csproj", "{289009E4-9B1C-40FB-9677-EA3C658DE01D}"
EndProject
Project("{2150E333-8FDC-42A3-9474-1A3956D46DE8}") = "serilog", "serilog", "{A2136515-ADF8-4CE9-A28E-96F74A7CEEE5}"
EndProject
Project("{9A19103F-16F7-4668-BE54-9A1E7A4F7556}") = "Topos.NewtonsoftJson", "Topos.NewtonsoftJson\Topos.NewtonsoftJson.csproj", "{C973CE39-9880-423E-9D79-E372BAF67795}"
EndProject
Project("{2150E333-8FDC-42A3-9474-1A3956D46DE8}") = "newtonsoft json", "newtonsoft json", "{FA062857-39B7-4004-A153-2E0D06A3F252}"
EndProject
Project("{9A19103F-16F7-4668-BE54-9A1E7A4F7556}") = "Topos.NewtonsoftJson.Tests", "Topos.NewtonsoftJson.Tests\Topos.NewtonsoftJson.Tests.csproj", "{8D4BC0D6-4CAE-437E-AA09-1071F3B9B069}"
EndProject
Project("{2150E333-8FDC-42A3-9474-1A3956D46DE8}") = "mongodb", "mongodb", "{3B5DA5BB-11FC-467C-805F-CFCE22DD379D}"
EndProject
Project("{FAE04EC0-301F-11D3-BF4B-00C04F79EFBC}") = "Topos.MongoDb", "Topos.MongoDb\Topos.MongoDb.csproj", "{DB19B78C-BFDB-4B0E-9B87-3B47950FBFF4}"
EndProject
Project("{FAE04EC0-301F-11D3-BF4B-00C04F79EFBC}") = "Topos.MongoDb.Tests", "Topos.MongoDb.Tests\Topos.MongoDb.Tests.csproj", "{EC7513D3-E749-456E-967E-DDF929063C78}"
EndProject
Global
	GlobalSection(SolutionConfigurationPlatforms) = preSolution
		Debug|Any CPU = Debug|Any CPU
		Release|Any CPU = Release|Any CPU
	EndGlobalSection
	GlobalSection(ProjectConfigurationPlatforms) = postSolution
		{57294AA8-D493-4DDE-AB92-BDF6E1E8996A}.Debug|Any CPU.ActiveCfg = Debug|Any CPU
		{57294AA8-D493-4DDE-AB92-BDF6E1E8996A}.Debug|Any CPU.Build.0 = Debug|Any CPU
		{57294AA8-D493-4DDE-AB92-BDF6E1E8996A}.Release|Any CPU.ActiveCfg = Release|Any CPU
		{57294AA8-D493-4DDE-AB92-BDF6E1E8996A}.Release|Any CPU.Build.0 = Release|Any CPU
		{3724334A-8154-436A-A9FE-4E9971B18E36}.Debug|Any CPU.ActiveCfg = Debug|Any CPU
		{3724334A-8154-436A-A9FE-4E9971B18E36}.Debug|Any CPU.Build.0 = Debug|Any CPU
		{3724334A-8154-436A-A9FE-4E9971B18E36}.Release|Any CPU.ActiveCfg = Release|Any CPU
		{3724334A-8154-436A-A9FE-4E9971B18E36}.Release|Any CPU.Build.0 = Release|Any CPU
		{C974D0C8-3E18-465B-A958-AD46DF83EE3D}.Debug|Any CPU.ActiveCfg = Debug|Any CPU
		{C974D0C8-3E18-465B-A958-AD46DF83EE3D}.Debug|Any CPU.Build.0 = Debug|Any CPU
		{C974D0C8-3E18-465B-A958-AD46DF83EE3D}.Release|Any CPU.ActiveCfg = Release|Any CPU
		{C974D0C8-3E18-465B-A958-AD46DF83EE3D}.Release|Any CPU.Build.0 = Release|Any CPU
		{2BBCDDE4-637E-424C-96C2-F4D8321B2204}.Debug|Any CPU.ActiveCfg = Debug|Any CPU
		{2BBCDDE4-637E-424C-96C2-F4D8321B2204}.Debug|Any CPU.Build.0 = Debug|Any CPU
		{2BBCDDE4-637E-424C-96C2-F4D8321B2204}.Release|Any CPU.ActiveCfg = Release|Any CPU
		{2BBCDDE4-637E-424C-96C2-F4D8321B2204}.Release|Any CPU.Build.0 = Release|Any CPU
		{59D9511B-55E5-4565-9B54-F7E30BFBDA90}.Debug|Any CPU.ActiveCfg = Debug|Any CPU
		{59D9511B-55E5-4565-9B54-F7E30BFBDA90}.Debug|Any CPU.Build.0 = Debug|Any CPU
		{59D9511B-55E5-4565-9B54-F7E30BFBDA90}.Release|Any CPU.ActiveCfg = Release|Any CPU
		{59D9511B-55E5-4565-9B54-F7E30BFBDA90}.Release|Any CPU.Build.0 = Release|Any CPU
		{E97CC567-066A-45A6-BE5F-88F3E9D42942}.Debug|Any CPU.ActiveCfg = Debug|Any CPU
		{E97CC567-066A-45A6-BE5F-88F3E9D42942}.Debug|Any CPU.Build.0 = Debug|Any CPU
		{E97CC567-066A-45A6-BE5F-88F3E9D42942}.Release|Any CPU.ActiveCfg = Release|Any CPU
		{E97CC567-066A-45A6-BE5F-88F3E9D42942}.Release|Any CPU.Build.0 = Release|Any CPU
		{70519C38-09F2-4F4C-887B-D99C1C3BF9F0}.Debug|Any CPU.ActiveCfg = Debug|Any CPU
		{70519C38-09F2-4F4C-887B-D99C1C3BF9F0}.Debug|Any CPU.Build.0 = Debug|Any CPU
		{70519C38-09F2-4F4C-887B-D99C1C3BF9F0}.Release|Any CPU.ActiveCfg = Release|Any CPU
		{70519C38-09F2-4F4C-887B-D99C1C3BF9F0}.Release|Any CPU.Build.0 = Release|Any CPU
		{6BE267FE-8D07-4577-814F-4E1542330CB9}.Debug|Any CPU.ActiveCfg = Debug|Any CPU
		{6BE267FE-8D07-4577-814F-4E1542330CB9}.Debug|Any CPU.Build.0 = Debug|Any CPU
		{6BE267FE-8D07-4577-814F-4E1542330CB9}.Release|Any CPU.ActiveCfg = Release|Any CPU
		{6BE267FE-8D07-4577-814F-4E1542330CB9}.Release|Any CPU.Build.0 = Release|Any CPU
		{289009E4-9B1C-40FB-9677-EA3C658DE01D}.Debug|Any CPU.ActiveCfg = Debug|Any CPU
		{289009E4-9B1C-40FB-9677-EA3C658DE01D}.Debug|Any CPU.Build.0 = Debug|Any CPU
		{289009E4-9B1C-40FB-9677-EA3C658DE01D}.Release|Any CPU.ActiveCfg = Release|Any CPU
		{289009E4-9B1C-40FB-9677-EA3C658DE01D}.Release|Any CPU.Build.0 = Release|Any CPU
		{C973CE39-9880-423E-9D79-E372BAF67795}.Debug|Any CPU.ActiveCfg = Debug|Any CPU
		{C973CE39-9880-423E-9D79-E372BAF67795}.Debug|Any CPU.Build.0 = Debug|Any CPU
		{C973CE39-9880-423E-9D79-E372BAF67795}.Release|Any CPU.ActiveCfg = Release|Any CPU
		{C973CE39-9880-423E-9D79-E372BAF67795}.Release|Any CPU.Build.0 = Release|Any CPU
		{8D4BC0D6-4CAE-437E-AA09-1071F3B9B069}.Debug|Any CPU.ActiveCfg = Debug|Any CPU
		{8D4BC0D6-4CAE-437E-AA09-1071F3B9B069}.Debug|Any CPU.Build.0 = Debug|Any CPU
		{8D4BC0D6-4CAE-437E-AA09-1071F3B9B069}.Release|Any CPU.ActiveCfg = Release|Any CPU
		{8D4BC0D6-4CAE-437E-AA09-1071F3B9B069}.Release|Any CPU.Build.0 = Release|Any CPU
		{DB19B78C-BFDB-4B0E-9B87-3B47950FBFF4}.Debug|Any CPU.ActiveCfg = Debug|Any CPU
		{DB19B78C-BFDB-4B0E-9B87-3B47950FBFF4}.Debug|Any CPU.Build.0 = Debug|Any CPU
		{DB19B78C-BFDB-4B0E-9B87-3B47950FBFF4}.Release|Any CPU.ActiveCfg = Release|Any CPU
		{DB19B78C-BFDB-4B0E-9B87-3B47950FBFF4}.Release|Any CPU.Build.0 = Release|Any CPU
		{EC7513D3-E749-456E-967E-DDF929063C78}.Debug|Any CPU.ActiveCfg = Debug|Any CPU
		{EC7513D3-E749-456E-967E-DDF929063C78}.Debug|Any CPU.Build.0 = Debug|Any CPU
		{EC7513D3-E749-456E-967E-DDF929063C78}.Release|Any CPU.ActiveCfg = Release|Any CPU
		{EC7513D3-E749-456E-967E-DDF929063C78}.Release|Any CPU.Build.0 = Release|Any CPU
	EndGlobalSection
	GlobalSection(SolutionProperties) = preSolution
		HideSolutionNode = FALSE
	EndGlobalSection
	GlobalSection(NestedProjects) = preSolution
		{C974D0C8-3E18-465B-A958-AD46DF83EE3D} = {434899A4-A6A6-4179-8018-3A4DE03B507C}
		{2BBCDDE4-637E-424C-96C2-F4D8321B2204} = {6662246E-1C7C-4609-90E4-9CCBCCEFB9BD}
		{59D9511B-55E5-4565-9B54-F7E30BFBDA90} = {A2136515-ADF8-4CE9-A28E-96F74A7CEEE5}
		{E97CC567-066A-45A6-BE5F-88F3E9D42942} = {2EF31884-BDB7-47D3-9FC8-494507C67DDA}
		{70519C38-09F2-4F4C-887B-D99C1C3BF9F0} = {2EF31884-BDB7-47D3-9FC8-494507C67DDA}
		{6BE267FE-8D07-4577-814F-4E1542330CB9} = {6662246E-1C7C-4609-90E4-9CCBCCEFB9BD}
		{289009E4-9B1C-40FB-9677-EA3C658DE01D} = {434899A4-A6A6-4179-8018-3A4DE03B507C}
		{C973CE39-9880-423E-9D79-E372BAF67795} = {FA062857-39B7-4004-A153-2E0D06A3F252}
		{8D4BC0D6-4CAE-437E-AA09-1071F3B9B069} = {FA062857-39B7-4004-A153-2E0D06A3F252}
		{DB19B78C-BFDB-4B0E-9B87-3B47950FBFF4} = {3B5DA5BB-11FC-467C-805F-CFCE22DD379D}
		{EC7513D3-E749-456E-967E-DDF929063C78} = {3B5DA5BB-11FC-467C-805F-CFCE22DD379D}
	EndGlobalSection
	GlobalSection(ExtensibilityGlobals) = postSolution
		SolutionGuid = {8F89951B-C638-43F3-BEC1-70A5F8338E10}
	EndGlobalSection
EndGlobal
